
Microsoft Visual Studio Solution File, Format Version 12.00
# Visual Studio Version 17
VisualStudioVersion = 17.10.35013.160
MinimumVisualStudioVersion = 10.0.40219.1
Project("{2150E333-8FDC-42A3-9474-1A3956D46DE8}") = "src", "src", "{F07585DE-2BF6-473D-8F30-7207FFF961E4}"
EndProject
Project("{2150E333-8FDC-42A3-9474-1A3956D46DE8}") = "tests", "tests", "{2C37B5D3-AC68-4F01-B9B6-170501EA4B6D}"
EndProject
Project("{FAE04EC0-301F-11D3-BF4B-00C04F79EFBC}") = "Employees.MVC", "src\Employees.MVC\Employees.MVC.csproj", "{EF4EE1EE-5357-49B1-B4E9-D419D5457DE5}"
EndProject
Project("{FAE04EC0-301F-11D3-BF4B-00C04F79EFBC}") = "Employees.IntegrationTest", "Employees.IntegrationTest\Employees.IntegrationTest.csproj", "{19F9112E-10F9-4E3A-B7A7-1439C5B166FD}"
EndProject
Global
	GlobalSection(SolutionConfigurationPlatforms) = preSolution
		Debug|Any CPU = Debug|Any CPU
		Release|Any CPU = Release|Any CPU
	EndGlobalSection
	GlobalSection(ProjectConfigurationPlatforms) = postSolution
		{EF4EE1EE-5357-49B1-B4E9-D419D5457DE5}.Debug|Any CPU.ActiveCfg = Debug|Any CPU
		{EF4EE1EE-5357-49B1-B4E9-D419D5457DE5}.Debug|Any CPU.Build.0 = Debug|Any CPU
		{EF4EE1EE-5357-49B1-B4E9-D419D5457DE5}.Release|Any CPU.ActiveCfg = Release|Any CPU
		{EF4EE1EE-5357-49B1-B4E9-D419D5457DE5}.Release|Any CPU.Build.0 = Release|Any CPU
		{19F9112E-10F9-4E3A-B7A7-1439C5B166FD}.Debug|Any CPU.ActiveCfg = Debug|Any CPU
		{19F9112E-10F9-4E3A-B7A7-1439C5B166FD}.Debug|Any CPU.Build.0 = Debug|Any CPU
		{19F9112E-10F9-4E3A-B7A7-1439C5B166FD}.Release|Any CPU.ActiveCfg = Release|Any CPU
		{19F9112E-10F9-4E3A-B7A7-1439C5B166FD}.Release|Any CPU.Build.0 = Release|Any CPU
	EndGlobalSection
	GlobalSection(SolutionProperties) = preSolution
		HideSolutionNode = FALSE
	EndGlobalSection
	GlobalSection(NestedProjects) = preSolution
		{EF4EE1EE-5357-49B1-B4E9-D419D5457DE5} = {F07585DE-2BF6-473D-8F30-7207FFF961E4}
		{19F9112E-10F9-4E3A-B7A7-1439C5B166FD} = {2C37B5D3-AC68-4F01-B9B6-170501EA4B6D}
	EndGlobalSection
	GlobalSection(ExtensibilityGlobals) = postSolution
		SolutionGuid = {80381497-1CE3-447E-B187-744E6329152D}
	EndGlobalSection
EndGlobal
